
Microsoft Visual Studio Solution File, Format Version 12.00
# Visual Studio 15
Project("{FAE04EC0-301F-11D3-BF4B-00C04F79EFBC}") = "Assembly-CSharp", "Assembly-CSharp.csproj", "{E029C0EA-F32B-D776-B01F-AEFB08949635}"
EndProject
Project("{FAE04EC0-301F-11D3-BF4B-00C04F79EFBC}") = "Assembly-CSharp-Editor", "Assembly-CSharp-Editor.csproj", "{D81D8CEB-24F0-4711-59C7-D83EE6B19EEE}"
EndProject
Global
	GlobalSection(SolutionConfigurationPlatforms) = preSolution
		Debug|Any CPU = Debug|Any CPU
		Release|Any CPU = Release|Any CPU
	EndGlobalSection
	GlobalSection(ProjectConfigurationPlatforms) = postSolution
		{E029C0EA-F32B-D776-B01F-AEFB08949635}.Debug|Any CPU.ActiveCfg = Debug|Any CPU
		{E029C0EA-F32B-D776-B01F-AEFB08949635}.Debug|Any CPU.Build.0 = Debug|Any CPU
		{E029C0EA-F32B-D776-B01F-AEFB08949635}.Release|Any CPU.ActiveCfg = Release|Any CPU
		{E029C0EA-F32B-D776-B01F-AEFB08949635}.Release|Any CPU.Build.0 = Release|Any CPU
		{D81D8CEB-24F0-4711-59C7-D83EE6B19EEE}.Debug|Any CPU.ActiveCfg = Debug|Any CPU
		{D81D8CEB-24F0-4711-59C7-D83EE6B19EEE}.Debug|Any CPU.Build.0 = Debug|Any CPU
		{D81D8CEB-24F0-4711-59C7-D83EE6B19EEE}.Release|Any CPU.ActiveCfg = Release|Any CPU
		{D81D8CEB-24F0-4711-59C7-D83EE6B19EEE}.Release|Any CPU.Build.0 = Release|Any CPU
	EndGlobalSection
	GlobalSection(SolutionProperties) = preSolution
		HideSolutionNode = FALSE
	EndGlobalSection
EndGlobal
